
Microsoft Visual Studio Solution File, Format Version 12.00
Project("{FAE04EC0-301F-11D3-BF4B-00C04F79EFBC}") = "Armoury.UniNg.CodeGen", "Armoury.UniNg.CodeGen.csproj", "{F8F9106B-D3EC-4F1F-858F-6BACA29B30CE}"
EndProject
Global
	GlobalSection(SolutionConfigurationPlatforms) = preSolution
		Debug|Any CPU = Debug|Any CPU
		Release|Any CPU = Release|Any CPU
	EndGlobalSection
	GlobalSection(ProjectConfigurationPlatforms) = postSolution
		{F8F9106B-D3EC-4F1F-858F-6BACA29B30CE}.Debug|Any CPU.ActiveCfg = Debug|Any CPU
		{F8F9106B-D3EC-4F1F-858F-6BACA29B30CE}.Debug|Any CPU.Build.0 = Debug|Any CPU
		{F8F9106B-D3EC-4F1F-858F-6BACA29B30CE}.Release|Any CPU.ActiveCfg = Release|Any CPU
		{F8F9106B-D3EC-4F1F-858F-6BACA29B30CE}.Release|Any CPU.Build.0 = Release|Any CPU
	EndGlobalSection
EndGlobal
